// !$*UTF8*$!
{
	archiveVersion = 1;
	classes = {
	};
	objectVersion = 56;
	objects = {

/* Begin PBXBuildFile section */
		1986B4AC2AA626AD0094843D /* KK_GymAppApp.swift in Sources */ = {isa = PBXBuildFile; fileRef = 1986B4AB2AA626AD0094843D /* KK_GymAppApp.swift */; };
		1986B4AE2AA626AD0094843D /* ContentView.swift in Sources */ = {isa = PBXBuildFile; fileRef = 1986B4AD2AA626AD0094843D /* ContentView.swift */; };
		1986B4B02AA626AE0094843D /* Assets.xcassets in Resources */ = {isa = PBXBuildFile; fileRef = 1986B4AF2AA626AE0094843D /* Assets.xcassets */; };
		1986B4B32AA626AE0094843D /* Preview Assets.xcassets in Resources */ = {isa = PBXBuildFile; fileRef = 1986B4B22AA626AE0094843D /* Preview Assets.xcassets */; };
		1986B4BD2AA626AE0094843D /* KK_GymAppTests.swift in Sources */ = {isa = PBXBuildFile; fileRef = 1986B4BC2AA626AE0094843D /* KK_GymAppTests.swift */; };
		1986B4C72AA626AE0094843D /* KK_GymAppUITests.swift in Sources */ = {isa = PBXBuildFile; fileRef = 1986B4C62AA626AE0094843D /* KK_GymAppUITests.swift */; };
		1986B4C92AA626AE0094843D /* KK_GymAppUITestsLaunchTests.swift in Sources */ = {isa = PBXBuildFile; fileRef = 1986B4C82AA626AE0094843D /* KK_GymAppUITestsLaunchTests.swift */; };
		1986B4D72AA627140094843D /* AppButton.swift in Sources */ = {isa = PBXBuildFile; fileRef = 1986B4D62AA627140094843D /* AppButton.swift */; };
		1986B4DA2AA627DE0094843D /* ViewHelper.swift in Sources */ = {isa = PBXBuildFile; fileRef = 1986B4D92AA627DE0094843D /* ViewHelper.swift */; };
		19E1E51E2AA62CAA00D942B7 /* AppTextField.swift in Sources */ = {isa = PBXBuildFile; fileRef = 19E1E51D2AA62CAA00D942B7 /* AppTextField.swift */; };
		19E1E5212AA62EBD00D942B7 /* LoginView.swift in Sources */ = {isa = PBXBuildFile; fileRef = 19E1E5202AA62EBD00D942B7 /* LoginView.swift */; };
		19E1E5262AA6321300D942B7 /* config.swift in Sources */ = {isa = PBXBuildFile; fileRef = 19E1E5252AA6321300D942B7 /* config.swift */; };
		19E1E5452AA916EE00D942B7 /* RealmSwift in Frameworks */ = {isa = PBXBuildFile; productRef = 19E1E5442AA916EE00D942B7 /* RealmSwift */; };
		19E1E5482AA9172A00D942B7 /* Exercise.swift in Sources */ = {isa = PBXBuildFile; fileRef = 19E1E5472AA9172A00D942B7 /* Exercise.swift */; };
		19E1E54B2AAA14B200D942B7 /* Realm in Frameworks */ = {isa = PBXBuildFile; productRef = 19E1E54A2AAA14B200D942B7 /* Realm */; };
		19E775D02ABF691A00753710 /* EquipmentModel .swift in Sources */ = {isa = PBXBuildFile; fileRef = 19E775CF2ABF691A00753710 /* EquipmentModel .swift */; };
		19E775D22ABF6CD100753710 /* Localizable.xcstrings in Resources */ = {isa = PBXBuildFile; fileRef = 19E775D12ABF6CD100753710 /* Localizable.xcstrings */; };
		19E775D42ABF6F6000753710 /* RealmModel.swift in Sources */ = {isa = PBXBuildFile; fileRef = 19E775D32ABF6F6000753710 /* RealmModel.swift */; };
		19E775D62ABF71B600753710 /* TreningProgressView.swift in Sources */ = {isa = PBXBuildFile; fileRef = 19E775D52ABF71B600753710 /* TreningProgressView.swift */; };
		19E775D82ABF756400753710 /* standing-barbell-biceps-curl.mp4 in Resources */ = {isa = PBXBuildFile; fileRef = 19E775D72ABF756400753710 /* standing-barbell-biceps-curl.mp4 */; };
		19E775DB2ABF75FD00753710 /* FLAnimatedImage in Frameworks */ = {isa = PBXBuildFile; productRef = 19E775DA2ABF75FD00753710 /* FLAnimatedImage */; };
		19E775DF2ABF7FFD00753710 /* video.mp4 in Resources */ = {isa = PBXBuildFile; fileRef = 19E775DE2ABF7D1D00753710 /* video.mp4 */; };
		19E775E12ABF877600753710 /* PickerTrening.swift in Sources */ = {isa = PBXBuildFile; fileRef = 19E775E02ABF877600753710 /* PickerTrening.swift */; };
		19E775E32ABF87BC00753710 /* ArrayCreate.swift in Sources */ = {isa = PBXBuildFile; fileRef = 19E775E22ABF87BC00753710 /* ArrayCreate.swift */; };
		19E775E52ABF933700753710 /* TreningProgressLpView.swift in Sources */ = {isa = PBXBuildFile; fileRef = 19E775E42ABF933700753710 /* TreningProgressLpView.swift */; };
		8E5A30A32AB3233E00E07869 /* Muscule.swift in Sources */ = {isa = PBXBuildFile; fileRef = 8E5A30A22AB3233E00E07869 /* Muscule.swift */; };
		8E5A30A62AB3309100E07869 /* CreateTrening.swift in Sources */ = {isa = PBXBuildFile; fileRef = 8E5A30A52AB3309100E07869 /* CreateTrening.swift */; };
		8E5A30A82AB330A800E07869 /* TreningList.swift in Sources */ = {isa = PBXBuildFile; fileRef = 8E5A30A72AB330A800E07869 /* TreningList.swift */; };
		8E5A30AA2AB3316F00E07869 /* MockRealms.swift in Sources */ = {isa = PBXBuildFile; fileRef = 8E5A30A92AB3316F00E07869 /* MockRealms.swift */; };
		8E67DE5B2AB434D30066A8E5 /* TreningTile.swift in Sources */ = {isa = PBXBuildFile; fileRef = 8E67DE5A2AB434D30066A8E5 /* TreningTile.swift */; };
		8E7F2B492AB2F1D200013ACD /* SecretFile.swift in Sources */ = {isa = PBXBuildFile; fileRef = 8E7F2B482AB2F1D200013ACD /* SecretFile.swift */; };
		8E86BDCC2AB082D0009C5DD0 /* DevView.swift in Sources */ = {isa = PBXBuildFile; fileRef = 8E86BDCB2AB082D0009C5DD0 /* DevView.swift */; };
		8E86BDCE2AB085A3009C5DD0 /* AddExercise.swift in Sources */ = {isa = PBXBuildFile; fileRef = 8E86BDCD2AB085A3009C5DD0 /* AddExercise.swift */; };
		8EA492BC2AB44EA20092884F /* ExColor.swift in Sources */ = {isa = PBXBuildFile; fileRef = 8EA492BB2AB44EA20092884F /* ExColor.swift */; };
		8EA492BF2AB468820092884F /* HistoryTreningTile.swift in Sources */ = {isa = PBXBuildFile; fileRef = 8EA492BE2AB468820092884F /* HistoryTreningTile.swift */; };
		8EA492C12AB468E40092884F /* ExView.swift in Sources */ = {isa = PBXBuildFile; fileRef = 8EA492C02AB468E40092884F /* ExView.swift */; };
		8EA492C32AB473E30092884F /* HistoryTreningDetailView.swift in Sources */ = {isa = PBXBuildFile; fileRef = 8EA492C22AB473E30092884F /* HistoryTreningDetailView.swift */; };
		8EB3DBCD2AB9B9E800A82BC9 /* ExerciseModelApp.swift in Sources */ = {isa = PBXBuildFile; fileRef = 8EB3DBCC2AB9B9E800A82BC9 /* ExerciseModelApp.swift */; };
/* End PBXBuildFile section */

/* Begin PBXContainerItemProxy section */
		1986B4B92AA626AE0094843D /* PBXContainerItemProxy */ = {
			isa = PBXContainerItemProxy;
			containerPortal = 1986B4A02AA626AD0094843D /* Project object */;
			proxyType = 1;
			remoteGlobalIDString = 1986B4A72AA626AD0094843D;
			remoteInfo = KK_GymApp;
		};
		1986B4C32AA626AE0094843D /* PBXContainerItemProxy */ = {
			isa = PBXContainerItemProxy;
			containerPortal = 1986B4A02AA626AD0094843D /* Project object */;
			proxyType = 1;
			remoteGlobalIDString = 1986B4A72AA626AD0094843D;
			remoteInfo = KK_GymApp;
		};
/* End PBXContainerItemProxy section */

/* Begin PBXFileReference section */
		1986B4A82AA626AD0094843D /* KK_GymApp.app */ = {isa = PBXFileReference; explicitFileType = wrapper.application; includeInIndex = 0; path = KK_GymApp.app; sourceTree = BUILT_PRODUCTS_DIR; };
		1986B4AB2AA626AD0094843D /* KK_GymAppApp.swift */ = {isa = PBXFileReference; lastKnownFileType = sourcecode.swift; path = KK_GymAppApp.swift; sourceTree = "<group>"; };
		1986B4AD2AA626AD0094843D /* ContentView.swift */ = {isa = PBXFileReference; lastKnownFileType = sourcecode.swift; path = ContentView.swift; sourceTree = "<group>"; };
		1986B4AF2AA626AE0094843D /* Assets.xcassets */ = {isa = PBXFileReference; lastKnownFileType = folder.assetcatalog; path = Assets.xcassets; sourceTree = "<group>"; };
		1986B4B22AA626AE0094843D /* Preview Assets.xcassets */ = {isa = PBXFileReference; lastKnownFileType = folder.assetcatalog; path = "Preview Assets.xcassets"; sourceTree = "<group>"; };
		1986B4B82AA626AE0094843D /* KK_GymAppTests.xctest */ = {isa = PBXFileReference; explicitFileType = wrapper.cfbundle; includeInIndex = 0; path = KK_GymAppTests.xctest; sourceTree = BUILT_PRODUCTS_DIR; };
		1986B4BC2AA626AE0094843D /* KK_GymAppTests.swift */ = {isa = PBXFileReference; lastKnownFileType = sourcecode.swift; path = KK_GymAppTests.swift; sourceTree = "<group>"; };
		1986B4C22AA626AE0094843D /* KK_GymAppUITests.xctest */ = {isa = PBXFileReference; explicitFileType = wrapper.cfbundle; includeInIndex = 0; path = KK_GymAppUITests.xctest; sourceTree = BUILT_PRODUCTS_DIR; };
		1986B4C62AA626AE0094843D /* KK_GymAppUITests.swift */ = {isa = PBXFileReference; lastKnownFileType = sourcecode.swift; path = KK_GymAppUITests.swift; sourceTree = "<group>"; };
		1986B4C82AA626AE0094843D /* KK_GymAppUITestsLaunchTests.swift */ = {isa = PBXFileReference; lastKnownFileType = sourcecode.swift; path = KK_GymAppUITestsLaunchTests.swift; sourceTree = "<group>"; };
		1986B4D62AA627140094843D /* AppButton.swift */ = {isa = PBXFileReference; lastKnownFileType = sourcecode.swift; path = AppButton.swift; sourceTree = "<group>"; };
		1986B4D92AA627DE0094843D /* ViewHelper.swift */ = {isa = PBXFileReference; lastKnownFileType = sourcecode.swift; path = ViewHelper.swift; sourceTree = "<group>"; };
		19E1E51D2AA62CAA00D942B7 /* AppTextField.swift */ = {isa = PBXFileReference; lastKnownFileType = sourcecode.swift; path = AppTextField.swift; sourceTree = "<group>"; };
		19E1E5202AA62EBD00D942B7 /* LoginView.swift */ = {isa = PBXFileReference; lastKnownFileType = sourcecode.swift; path = LoginView.swift; sourceTree = "<group>"; };
		19E1E5252AA6321300D942B7 /* config.swift */ = {isa = PBXFileReference; lastKnownFileType = sourcecode.swift; path = config.swift; sourceTree = "<group>"; };
		19E1E5472AA9172A00D942B7 /* Exercise.swift */ = {isa = PBXFileReference; lastKnownFileType = sourcecode.swift; path = Exercise.swift; sourceTree = "<group>"; };
		19E775CF2ABF691A00753710 /* EquipmentModel .swift */ = {isa = PBXFileReference; lastKnownFileType = sourcecode.swift; path = "EquipmentModel .swift"; sourceTree = "<group>"; };
		19E775D12ABF6CD100753710 /* Localizable.xcstrings */ = {isa = PBXFileReference; lastKnownFileType = text.json.xcstrings; path = Localizable.xcstrings; sourceTree = "<group>"; };
		19E775D32ABF6F6000753710 /* RealmModel.swift */ = {isa = PBXFileReference; lastKnownFileType = sourcecode.swift; path = RealmModel.swift; sourceTree = "<group>"; };
		19E775D52ABF71B600753710 /* TreningProgressView.swift */ = {isa = PBXFileReference; lastKnownFileType = sourcecode.swift; path = TreningProgressView.swift; sourceTree = "<group>"; };
		19E775D72ABF756400753710 /* standing-barbell-biceps-curl.mp4 */ = {isa = PBXFileReference; lastKnownFileType = file; path = "standing-barbell-biceps-curl.mp4"; sourceTree = "<group>"; };
		19E775DE2ABF7D1D00753710 /* video.mp4 */ = {isa = PBXFileReference; lastKnownFileType = file; path = video.mp4; sourceTree = "<group>"; };
		19E775E02ABF877600753710 /* PickerTrening.swift */ = {isa = PBXFileReference; lastKnownFileType = sourcecode.swift; path = PickerTrening.swift; sourceTree = "<group>"; };
		19E775E22ABF87BC00753710 /* ArrayCreate.swift */ = {isa = PBXFileReference; lastKnownFileType = sourcecode.swift; path = ArrayCreate.swift; sourceTree = "<group>"; };
		19E775E42ABF933700753710 /* TreningProgressLpView.swift */ = {isa = PBXFileReference; lastKnownFileType = sourcecode.swift; path = TreningProgressLpView.swift; sourceTree = "<group>"; };
		8E5A30A22AB3233E00E07869 /* Muscule.swift */ = {isa = PBXFileReference; lastKnownFileType = sourcecode.swift; path = Muscule.swift; sourceTree = "<group>"; };
		8E5A30A52AB3309100E07869 /* CreateTrening.swift */ = {isa = PBXFileReference; lastKnownFileType = sourcecode.swift; path = CreateTrening.swift; sourceTree = "<group>"; };
		8E5A30A72AB330A800E07869 /* TreningList.swift */ = {isa = PBXFileReference; lastKnownFileType = sourcecode.swift; path = TreningList.swift; sourceTree = "<group>"; };
		8E5A30A92AB3316F00E07869 /* MockRealms.swift */ = {isa = PBXFileReference; lastKnownFileType = sourcecode.swift; path = MockRealms.swift; sourceTree = "<group>"; };
		8E67DE5A2AB434D30066A8E5 /* TreningTile.swift */ = {isa = PBXFileReference; lastKnownFileType = sourcecode.swift; path = TreningTile.swift; sourceTree = "<group>"; };
		8E7F2B482AB2F1D200013ACD /* SecretFile.swift */ = {isa = PBXFileReference; lastKnownFileType = sourcecode.swift; path = SecretFile.swift; sourceTree = "<group>"; };
		8E86BDCB2AB082D0009C5DD0 /* DevView.swift */ = {isa = PBXFileReference; lastKnownFileType = sourcecode.swift; path = DevView.swift; sourceTree = "<group>"; };
		8E86BDCD2AB085A3009C5DD0 /* AddExercise.swift */ = {isa = PBXFileReference; lastKnownFileType = sourcecode.swift; path = AddExercise.swift; sourceTree = "<group>"; };
		8EA492BB2AB44EA20092884F /* ExColor.swift */ = {isa = PBXFileReference; lastKnownFileType = sourcecode.swift; path = ExColor.swift; sourceTree = "<group>"; };
		8EA492BE2AB468820092884F /* HistoryTreningTile.swift */ = {isa = PBXFileReference; lastKnownFileType = sourcecode.swift; path = HistoryTreningTile.swift; sourceTree = "<group>"; };
		8EA492C02AB468E40092884F /* ExView.swift */ = {isa = PBXFileReference; lastKnownFileType = sourcecode.swift; path = ExView.swift; sourceTree = "<group>"; };
		8EA492C22AB473E30092884F /* HistoryTreningDetailView.swift */ = {isa = PBXFileReference; lastKnownFileType = sourcecode.swift; path = HistoryTreningDetailView.swift; sourceTree = "<group>"; };
		8EB3DBCC2AB9B9E800A82BC9 /* ExerciseModelApp.swift */ = {isa = PBXFileReference; lastKnownFileType = sourcecode.swift; path = ExerciseModelApp.swift; sourceTree = "<group>"; };
/* End PBXFileReference section */

/* Begin PBXFrameworksBuildPhase section */
		1986B4A52AA626AD0094843D /* Frameworks */ = {
			isa = PBXFrameworksBuildPhase;
			buildActionMask = 2147483647;
			files = (
				19E775DB2ABF75FD00753710 /* FLAnimatedImage in Frameworks */,
				19E1E54B2AAA14B200D942B7 /* Realm in Frameworks */,
				19E1E5452AA916EE00D942B7 /* RealmSwift in Frameworks */,
			);
			runOnlyForDeploymentPostprocessing = 0;
		};
		1986B4B52AA626AE0094843D /* Frameworks */ = {
			isa = PBXFrameworksBuildPhase;
			buildActionMask = 2147483647;
			files = (
			);
			runOnlyForDeploymentPostprocessing = 0;
		};
		1986B4BF2AA626AE0094843D /* Frameworks */ = {
			isa = PBXFrameworksBuildPhase;
			buildActionMask = 2147483647;
			files = (
			);
			runOnlyForDeploymentPostprocessing = 0;
		};
/* End PBXFrameworksBuildPhase section */

/* Begin PBXGroup section */
		191C85E32AB4E777003AC328 /* HistoryView */ = {
			isa = PBXGroup;
			children = (
				8EA492BE2AB468820092884F /* HistoryTreningTile.swift */,
				8EA492C22AB473E30092884F /* HistoryTreningDetailView.swift */,
			);
			path = HistoryView;
			sourceTree = "<group>";
		};
		1986B49F2AA626AD0094843D = {
			isa = PBXGroup;
			children = (
				19E775D12ABF6CD100753710 /* Localizable.xcstrings */,
				19E775DE2ABF7D1D00753710 /* video.mp4 */,
				1986B4AA2AA626AD0094843D /* KK_GymApp */,
				1986B4DB2AA62B2E0094843D /* Framework */,
				1986B4BB2AA626AE0094843D /* KK_GymAppTests */,
				1986B4C52AA626AE0094843D /* KK_GymAppUITests */,
				1986B4A92AA626AD0094843D /* Products */,
				19E1E5492AAA14B200D942B7 /* Frameworks */,
			);
			sourceTree = "<group>";
		};
		1986B4A92AA626AD0094843D /* Products */ = {
			isa = PBXGroup;
			children = (
				1986B4A82AA626AD0094843D /* KK_GymApp.app */,
				1986B4B82AA626AE0094843D /* KK_GymAppTests.xctest */,
				1986B4C22AA626AE0094843D /* KK_GymAppUITests.xctest */,
			);
			name = Products;
			sourceTree = "<group>";
		};
		1986B4AA2AA626AD0094843D /* KK_GymApp */ = {
			isa = PBXGroup;
			children = (
				19E1E5462AA9171000D942B7 /* Model */,
				8E5A30A42AB3306F00E07869 /* View */,
				19E1E51F2AA62EAA00D942B7 /* Account */,
				1986B4AB2AA626AD0094843D /* KK_GymAppApp.swift */,
				1986B4AD2AA626AD0094843D /* ContentView.swift */,
				1986B4D52AA626FB0094843D /* Component */,
				1986B4D82AA627C80094843D /* Helper */,
				19E1E5222AA631DD00D942B7 /* Config */,
				1986B4AF2AA626AE0094843D /* Assets.xcassets */,
				8E86BDCA2AB0814F009C5DD0 /* DevHelper */,
				1986B4B12AA626AE0094843D /* Preview Content */,
			);
			path = KK_GymApp;
			sourceTree = "<group>";
		};
		1986B4B12AA626AE0094843D /* Preview Content */ = {
			isa = PBXGroup;
			children = (
				1986B4B22AA626AE0094843D /* Preview Assets.xcassets */,
			);
			path = "Preview Content";
			sourceTree = "<group>";
		};
		1986B4BB2AA626AE0094843D /* KK_GymAppTests */ = {
			isa = PBXGroup;
			children = (
				1986B4BC2AA626AE0094843D /* KK_GymAppTests.swift */,
			);
			path = KK_GymAppTests;
			sourceTree = "<group>";
		};
		1986B4C52AA626AE0094843D /* KK_GymAppUITests */ = {
			isa = PBXGroup;
			children = (
				1986B4C62AA626AE0094843D /* KK_GymAppUITests.swift */,
				1986B4C82AA626AE0094843D /* KK_GymAppUITestsLaunchTests.swift */,
			);
			path = KK_GymAppUITests;
			sourceTree = "<group>";
		};
		1986B4D52AA626FB0094843D /* Component */ = {
			isa = PBXGroup;
			children = (
				1986B4D62AA627140094843D /* AppButton.swift */,
				19E1E51D2AA62CAA00D942B7 /* AppTextField.swift */,
				8E67DE5A2AB434D30066A8E5 /* TreningTile.swift */,
				191C85E32AB4E777003AC328 /* HistoryView */,
				19E775E02ABF877600753710 /* PickerTrening.swift */,
			);
			path = Component;
			sourceTree = "<group>";
		};
		1986B4D82AA627C80094843D /* Helper */ = {
			isa = PBXGroup;
			children = (
				1986B4D92AA627DE0094843D /* ViewHelper.swift */,
				8EA492BB2AB44EA20092884F /* ExColor.swift */,
				8EA492C02AB468E40092884F /* ExView.swift */,
				19E775E22ABF87BC00753710 /* ArrayCreate.swift */,
			);
			path = Helper;
			sourceTree = "<group>";
		};
		1986B4DB2AA62B2E0094843D /* Framework */ = {
			isa = PBXGroup;
			children = (
			);
			name = Framework;
			path = KK_GymApp;
			sourceTree = "<group>";
		};
		19E1E51F2AA62EAA00D942B7 /* Account */ = {
			isa = PBXGroup;
			children = (
				19E1E5202AA62EBD00D942B7 /* LoginView.swift */,
			);
			path = Account;
			sourceTree = "<group>";
		};
		19E1E5222AA631DD00D942B7 /* Config */ = {
			isa = PBXGroup;
			children = (
				19E775D72ABF756400753710 /* standing-barbell-biceps-curl.mp4 */,
				19E1E5252AA6321300D942B7 /* config.swift */,
			);
			path = Config;
			sourceTree = "<group>";
		};
		19E1E5462AA9171000D942B7 /* Model */ = {
			isa = PBXGroup;
			children = (
				19E775D32ABF6F6000753710 /* RealmModel.swift */,
				19E1E5472AA9172A00D942B7 /* Exercise.swift */,
				19E775CF2ABF691A00753710 /* EquipmentModel .swift */,
				8E5A30A22AB3233E00E07869 /* Muscule.swift */,
				8E5A30A92AB3316F00E07869 /* MockRealms.swift */,
				8EB3DBCC2AB9B9E800A82BC9 /* ExerciseModelApp.swift */,
			);
			path = Model;
			sourceTree = "<group>";
		};
		19E1E5492AAA14B200D942B7 /* Frameworks */ = {
			isa = PBXGroup;
			children = (
			);
			name = Frameworks;
			sourceTree = "<group>";
		};
		8E5A30A42AB3306F00E07869 /* View */ = {
			isa = PBXGroup;
			children = (
				8E5A30A52AB3309100E07869 /* CreateTrening.swift */,
				8E5A30A72AB330A800E07869 /* TreningList.swift */,
				19E775D52ABF71B600753710 /* TreningProgressView.swift */,
				19E775E42ABF933700753710 /* TreningProgressLpView.swift */,
			);
			path = View;
			sourceTree = "<group>";
		};
		8E86BDCA2AB0814F009C5DD0 /* DevHelper */ = {
			isa = PBXGroup;
			children = (
				8E86BDCB2AB082D0009C5DD0 /* DevView.swift */,
				8E86BDCD2AB085A3009C5DD0 /* AddExercise.swift */,
				8E7F2B482AB2F1D200013ACD /* SecretFile.swift */,
			);
			path = DevHelper;
			sourceTree = "<group>";
		};
/* End PBXGroup section */

/* Begin PBXNativeTarget section */
		1986B4A72AA626AD0094843D /* KK_GymApp */ = {
			isa = PBXNativeTarget;
			buildConfigurationList = 1986B4CC2AA626AE0094843D /* Build configuration list for PBXNativeTarget "KK_GymApp" */;
			buildPhases = (
				1986B4A42AA626AD0094843D /* Sources */,
				1986B4A52AA626AD0094843D /* Frameworks */,
				1986B4A62AA626AD0094843D /* Resources */,
			);
			buildRules = (
			);
			dependencies = (
			);
			name = KK_GymApp;
			packageProductDependencies = (
				19E1E5442AA916EE00D942B7 /* RealmSwift */,
				19E1E54A2AAA14B200D942B7 /* Realm */,
				19E775DA2ABF75FD00753710 /* FLAnimatedImage */,
			);
			productName = KK_GymApp;
			productReference = 1986B4A82AA626AD0094843D /* KK_GymApp.app */;
			productType = "com.apple.product-type.application";
		};
		1986B4B72AA626AE0094843D /* KK_GymAppTests */ = {
			isa = PBXNativeTarget;
			buildConfigurationList = 1986B4CF2AA626AE0094843D /* Build configuration list for PBXNativeTarget "KK_GymAppTests" */;
			buildPhases = (
				1986B4B42AA626AE0094843D /* Sources */,
				1986B4B52AA626AE0094843D /* Frameworks */,
				1986B4B62AA626AE0094843D /* Resources */,
			);
			buildRules = (
			);
			dependencies = (
				1986B4BA2AA626AE0094843D /* PBXTargetDependency */,
			);
			name = KK_GymAppTests;
			productName = KK_GymAppTests;
			productReference = 1986B4B82AA626AE0094843D /* KK_GymAppTests.xctest */;
			productType = "com.apple.product-type.bundle.unit-test";
		};
		1986B4C12AA626AE0094843D /* KK_GymAppUITests */ = {
			isa = PBXNativeTarget;
			buildConfigurationList = 1986B4D22AA626AE0094843D /* Build configuration list for PBXNativeTarget "KK_GymAppUITests" */;
			buildPhases = (
				1986B4BE2AA626AE0094843D /* Sources */,
				1986B4BF2AA626AE0094843D /* Frameworks */,
				1986B4C02AA626AE0094843D /* Resources */,
			);
			buildRules = (
			);
			dependencies = (
				1986B4C42AA626AE0094843D /* PBXTargetDependency */,
			);
			name = KK_GymAppUITests;
			productName = KK_GymAppUITests;
			productReference = 1986B4C22AA626AE0094843D /* KK_GymAppUITests.xctest */;
			productType = "com.apple.product-type.bundle.ui-testing";
		};
/* End PBXNativeTarget section */

/* Begin PBXProject section */
		1986B4A02AA626AD0094843D /* Project object */ = {
			isa = PBXProject;
			attributes = {
				BuildIndependentTargetsInParallel = 1;
				LastSwiftUpdateCheck = 1500;
				LastUpgradeCheck = 1500;
				TargetAttributes = {
					1986B4A72AA626AD0094843D = {
						CreatedOnToolsVersion = 15.0;
					};
					1986B4B72AA626AE0094843D = {
						CreatedOnToolsVersion = 15.0;
						TestTargetID = 1986B4A72AA626AD0094843D;
					};
					1986B4C12AA626AE0094843D = {
						CreatedOnToolsVersion = 15.0;
						TestTargetID = 1986B4A72AA626AD0094843D;
					};
				};
			};
			buildConfigurationList = 1986B4A32AA626AD0094843D /* Build configuration list for PBXProject "KK_GymApp" */;
			compatibilityVersion = "Xcode 14.0";
			developmentRegion = en;
			hasScannedForEncodings = 0;
			knownRegions = (
				en,
				Base,
			);
			mainGroup = 1986B49F2AA626AD0094843D;
			packageReferences = (
				19E1E5432AA916EE00D942B7 /* XCRemoteSwiftPackageReference "realm-swift" */,
				19E775D92ABF75FD00753710 /* XCRemoteSwiftPackageReference "FLAnimatedImage" */,
			);
			productRefGroup = 1986B4A92AA626AD0094843D /* Products */;
			projectDirPath = "";
			projectRoot = "";
			targets = (
				1986B4A72AA626AD0094843D /* KK_GymApp */,
				1986B4B72AA626AE0094843D /* KK_GymAppTests */,
				1986B4C12AA626AE0094843D /* KK_GymAppUITests */,
			);
		};
/* End PBXProject section */

/* Begin PBXResourcesBuildPhase section */
		1986B4A62AA626AD0094843D /* Resources */ = {
			isa = PBXResourcesBuildPhase;
			buildActionMask = 2147483647;
			files = (
				19E775D82ABF756400753710 /* standing-barbell-biceps-curl.mp4 in Resources */,
				19E775DF2ABF7FFD00753710 /* video.mp4 in Resources */,
				1986B4B32AA626AE0094843D /* Preview Assets.xcassets in Resources */,
				1986B4B02AA626AE0094843D /* Assets.xcassets in Resources */,
				19E775D22ABF6CD100753710 /* Localizable.xcstrings in Resources */,
			);
			runOnlyForDeploymentPostprocessing = 0;
		};
		1986B4B62AA626AE0094843D /* Resources */ = {
			isa = PBXResourcesBuildPhase;
			buildActionMask = 2147483647;
			files = (
			);
			runOnlyForDeploymentPostprocessing = 0;
		};
		1986B4C02AA626AE0094843D /* Resources */ = {
			isa = PBXResourcesBuildPhase;
			buildActionMask = 2147483647;
			files = (
			);
			runOnlyForDeploymentPostprocessing = 0;
		};
/* End PBXResourcesBuildPhase section */

/* Begin PBXSourcesBuildPhase section */
		1986B4A42AA626AD0094843D /* Sources */ = {
			isa = PBXSourcesBuildPhase;
			buildActionMask = 2147483647;
			files = (
				19E1E5212AA62EBD00D942B7 /* LoginView.swift in Sources */,
				8E67DE5B2AB434D30066A8E5 /* TreningTile.swift in Sources */,
				8E5A30A82AB330A800E07869 /* TreningList.swift in Sources */,
				19E775D42ABF6F6000753710 /* RealmModel.swift in Sources */,
				19E1E5482AA9172A00D942B7 /* Exercise.swift in Sources */,
				1986B4D72AA627140094843D /* AppButton.swift in Sources */,
				8EA492BC2AB44EA20092884F /* ExColor.swift in Sources */,
				1986B4AE2AA626AD0094843D /* ContentView.swift in Sources */,
				8EB3DBCD2AB9B9E800A82BC9 /* ExerciseModelApp.swift in Sources */,
				1986B4DA2AA627DE0094843D /* ViewHelper.swift in Sources */,
				8E86BDCE2AB085A3009C5DD0 /* AddExercise.swift in Sources */,
				19E775E52ABF933700753710 /* TreningProgressLpView.swift in Sources */,
				19E1E5262AA6321300D942B7 /* config.swift in Sources */,
				8E86BDCC2AB082D0009C5DD0 /* DevView.swift in Sources */,
				1986B4AC2AA626AD0094843D /* KK_GymAppApp.swift in Sources */,
				8EA492C32AB473E30092884F /* HistoryTreningDetailView.swift in Sources */,
				19E775D02ABF691A00753710 /* EquipmentModel .swift in Sources */,
				8E7F2B492AB2F1D200013ACD /* SecretFile.swift in Sources */,
				19E775E32ABF87BC00753710 /* ArrayCreate.swift in Sources */,
				8E5A30AA2AB3316F00E07869 /* MockRealms.swift in Sources */,
				19E775E12ABF877600753710 /* PickerTrening.swift in Sources */,
				8EA492C12AB468E40092884F /* ExView.swift in Sources */,
				19E775D62ABF71B600753710 /* TreningProgressView.swift in Sources */,
				8EA492BF2AB468820092884F /* HistoryTreningTile.swift in Sources */,
				8E5A30A62AB3309100E07869 /* CreateTrening.swift in Sources */,
				8E5A30A32AB3233E00E07869 /* Muscule.swift in Sources */,
				19E1E51E2AA62CAA00D942B7 /* AppTextField.swift in Sources */,
			);
			runOnlyForDeploymentPostprocessing = 0;
		};
		1986B4B42AA626AE0094843D /* Sources */ = {
			isa = PBXSourcesBuildPhase;
			buildActionMask = 2147483647;
			files = (
				1986B4BD2AA626AE0094843D /* KK_GymAppTests.swift in Sources */,
			);
			runOnlyForDeploymentPostprocessing = 0;
		};
		1986B4BE2AA626AE0094843D /* Sources */ = {
			isa = PBXSourcesBuildPhase;
			buildActionMask = 2147483647;
			files = (
				1986B4C92AA626AE0094843D /* KK_GymAppUITestsLaunchTests.swift in Sources */,
				1986B4C72AA626AE0094843D /* KK_GymAppUITests.swift in Sources */,
			);
			runOnlyForDeploymentPostprocessing = 0;
		};
/* End PBXSourcesBuildPhase section */

/* Begin PBXTargetDependency section */
		1986B4BA2AA626AE0094843D /* PBXTargetDependency */ = {
			isa = PBXTargetDependency;
			target = 1986B4A72AA626AD0094843D /* KK_GymApp */;
			targetProxy = 1986B4B92AA626AE0094843D /* PBXContainerItemProxy */;
		};
		1986B4C42AA626AE0094843D /* PBXTargetDependency */ = {
			isa = PBXTargetDependency;
			target = 1986B4A72AA626AD0094843D /* KK_GymApp */;
			targetProxy = 1986B4C32AA626AE0094843D /* PBXContainerItemProxy */;
		};
/* End PBXTargetDependency section */

/* Begin XCBuildConfiguration section */
		1986B4CA2AA626AE0094843D /* Debug */ = {
			isa = XCBuildConfiguration;
			buildSettings = {
				ALWAYS_SEARCH_USER_PATHS = NO;
				ASSETCATALOG_COMPILER_GENERATE_SWIFT_ASSET_SYMBOL_EXTENSIONS = YES;
				CLANG_ANALYZER_NONNULL = YES;
				CLANG_ANALYZER_NUMBER_OBJECT_CONVERSION = YES_AGGRESSIVE;
				CLANG_CXX_LANGUAGE_STANDARD = "gnu++20";
				CLANG_ENABLE_MODULES = YES;
				CLANG_ENABLE_OBJC_ARC = YES;
				CLANG_ENABLE_OBJC_WEAK = YES;
				CLANG_WARN_BLOCK_CAPTURE_AUTORELEASING = YES;
				CLANG_WARN_BOOL_CONVERSION = YES;
				CLANG_WARN_COMMA = YES;
				CLANG_WARN_CONSTANT_CONVERSION = YES;
				CLANG_WARN_DEPRECATED_OBJC_IMPLEMENTATIONS = YES;
				CLANG_WARN_DIRECT_OBJC_ISA_USAGE = YES_ERROR;
				CLANG_WARN_DOCUMENTATION_COMMENTS = YES;
				CLANG_WARN_EMPTY_BODY = YES;
				CLANG_WARN_ENUM_CONVERSION = YES;
				CLANG_WARN_INFINITE_RECURSION = YES;
				CLANG_WARN_INT_CONVERSION = YES;
				CLANG_WARN_NON_LITERAL_NULL_CONVERSION = YES;
				CLANG_WARN_OBJC_IMPLICIT_RETAIN_SELF = YES;
				CLANG_WARN_OBJC_LITERAL_CONVERSION = YES;
				CLANG_WARN_OBJC_ROOT_CLASS = YES_ERROR;
				CLANG_WARN_QUOTED_INCLUDE_IN_FRAMEWORK_HEADER = YES;
				CLANG_WARN_RANGE_LOOP_ANALYSIS = YES;
				CLANG_WARN_STRICT_PROTOTYPES = YES;
				CLANG_WARN_SUSPICIOUS_MOVE = YES;
				CLANG_WARN_UNGUARDED_AVAILABILITY = YES_AGGRESSIVE;
				CLANG_WARN_UNREACHABLE_CODE = YES;
				CLANG_WARN__DUPLICATE_METHOD_MATCH = YES;
				COPY_PHASE_STRIP = NO;
				DEBUG_INFORMATION_FORMAT = dwarf;
				ENABLE_STRICT_OBJC_MSGSEND = YES;
				ENABLE_TESTABILITY = YES;
				ENABLE_USER_SCRIPT_SANDBOXING = YES;
				GCC_C_LANGUAGE_STANDARD = gnu17;
				GCC_DYNAMIC_NO_PIC = NO;
				GCC_NO_COMMON_BLOCKS = YES;
				GCC_OPTIMIZATION_LEVEL = 0;
				GCC_PREPROCESSOR_DEFINITIONS = (
					"DEBUG=1",
					"$(inherited)",
				);
				GCC_WARN_64_TO_32_BIT_CONVERSION = YES;
				GCC_WARN_ABOUT_RETURN_TYPE = YES_ERROR;
				GCC_WARN_UNDECLARED_SELECTOR = YES;
				GCC_WARN_UNINITIALIZED_AUTOS = YES_AGGRESSIVE;
				GCC_WARN_UNUSED_FUNCTION = YES;
				GCC_WARN_UNUSED_VARIABLE = YES;
				IPHONEOS_DEPLOYMENT_TARGET = 17.0;
				LOCALIZATION_PREFERS_STRING_CATALOGS = YES;
				MTL_ENABLE_DEBUG_INFO = INCLUDE_SOURCE;
				MTL_FAST_MATH = YES;
				ONLY_ACTIVE_ARCH = YES;
				SDKROOT = iphoneos;
				SWIFT_ACTIVE_COMPILATION_CONDITIONS = "DEBUG $(inherited)";
				SWIFT_OPTIMIZATION_LEVEL = "-Onone";
			};
			name = Debug;
		};
		1986B4CB2AA626AE0094843D /* Release */ = {
			isa = XCBuildConfiguration;
			buildSettings = {
				ALWAYS_SEARCH_USER_PATHS = NO;
				ASSETCATALOG_COMPILER_GENERATE_SWIFT_ASSET_SYMBOL_EXTENSIONS = YES;
				CLANG_ANALYZER_NONNULL = YES;
				CLANG_ANALYZER_NUMBER_OBJECT_CONVERSION = YES_AGGRESSIVE;
				CLANG_CXX_LANGUAGE_STANDARD = "gnu++20";
				CLANG_ENABLE_MODULES = YES;
				CLANG_ENABLE_OBJC_ARC = YES;
				CLANG_ENABLE_OBJC_WEAK = YES;
				CLANG_WARN_BLOCK_CAPTURE_AUTORELEASING = YES;
				CLANG_WARN_BOOL_CONVERSION = YES;
				CLANG_WARN_COMMA = YES;
				CLANG_WARN_CONSTANT_CONVERSION = YES;
				CLANG_WARN_DEPRECATED_OBJC_IMPLEMENTATIONS = YES;
				CLANG_WARN_DIRECT_OBJC_ISA_USAGE = YES_ERROR;
				CLANG_WARN_DOCUMENTATION_COMMENTS = YES;
				CLANG_WARN_EMPTY_BODY = YES;
				CLANG_WARN_ENUM_CONVERSION = YES;
				CLANG_WARN_INFINITE_RECURSION = YES;
				CLANG_WARN_INT_CONVERSION = YES;
				CLANG_WARN_NON_LITERAL_NULL_CONVERSION = YES;
				CLANG_WARN_OBJC_IMPLICIT_RETAIN_SELF = YES;
				CLANG_WARN_OBJC_LITERAL_CONVERSION = YES;
				CLANG_WARN_OBJC_ROOT_CLASS = YES_ERROR;
				CLANG_WARN_QUOTED_INCLUDE_IN_FRAMEWORK_HEADER = YES;
				CLANG_WARN_RANGE_LOOP_ANALYSIS = YES;
				CLANG_WARN_STRICT_PROTOTYPES = YES;
				CLANG_WARN_SUSPICIOUS_MOVE = YES;
				CLANG_WARN_UNGUARDED_AVAILABILITY = YES_AGGRESSIVE;
				CLANG_WARN_UNREACHABLE_CODE = YES;
				CLANG_WARN__DUPLICATE_METHOD_MATCH = YES;
				COPY_PHASE_STRIP = NO;
				DEBUG_INFORMATION_FORMAT = "dwarf-with-dsym";
				ENABLE_NS_ASSERTIONS = NO;
				ENABLE_STRICT_OBJC_MSGSEND = YES;
				ENABLE_USER_SCRIPT_SANDBOXING = YES;
				GCC_C_LANGUAGE_STANDARD = gnu17;
				GCC_NO_COMMON_BLOCKS = YES;
				GCC_WARN_64_TO_32_BIT_CONVERSION = YES;
				GCC_WARN_ABOUT_RETURN_TYPE = YES_ERROR;
				GCC_WARN_UNDECLARED_SELECTOR = YES;
				GCC_WARN_UNINITIALIZED_AUTOS = YES_AGGRESSIVE;
				GCC_WARN_UNUSED_FUNCTION = YES;
				GCC_WARN_UNUSED_VARIABLE = YES;
				IPHONEOS_DEPLOYMENT_TARGET = 17.0;
				LOCALIZATION_PREFERS_STRING_CATALOGS = YES;
				MTL_ENABLE_DEBUG_INFO = NO;
				MTL_FAST_MATH = YES;
				SDKROOT = iphoneos;
				SWIFT_COMPILATION_MODE = wholemodule;
				VALIDATE_PRODUCT = YES;
			};
			name = Release;
		};
		1986B4CD2AA626AE0094843D /* Debug */ = {
			isa = XCBuildConfiguration;
			buildSettings = {
				ASSETCATALOG_COMPILER_APPICON_NAME = AppIcon;
				ASSETCATALOG_COMPILER_GLOBAL_ACCENT_COLOR_NAME = AccentColor;
				CODE_SIGN_STYLE = Automatic;
				CURRENT_PROJECT_VERSION = 1;
				DEVELOPMENT_ASSET_PATHS = "\"KK_GymApp/Preview Content\"";
				DEVELOPMENT_TEAM = HNSKUL3WR3;
				ENABLE_PREVIEWS = YES;
				GENERATE_INFOPLIST_FILE = YES;
				INFOPLIST_KEY_LSApplicationCategoryType = "public.app-category.healthcare-fitness";
				INFOPLIST_KEY_UIApplicationSceneManifest_Generation = YES;
				INFOPLIST_KEY_UIApplicationSupportsIndirectInputEvents = YES;
				INFOPLIST_KEY_UILaunchScreen_Generation = YES;
				INFOPLIST_KEY_UISupportedInterfaceOrientations_iPad = "UIInterfaceOrientationPortrait UIInterfaceOrientationPortraitUpsideDown UIInterfaceOrientationLandscapeLeft UIInterfaceOrientationLandscapeRight";
				INFOPLIST_KEY_UISupportedInterfaceOrientations_iPhone = "UIInterfaceOrientationPortrait UIInterfaceOrientationLandscapeLeft UIInterfaceOrientationLandscapeRight";
				IPHONEOS_DEPLOYMENT_TARGET = 16.0;
				LD_RUNPATH_SEARCH_PATHS = (
					"$(inherited)",
					"@executable_path/Frameworks",
				);
				MARKETING_VERSION = 0.1;
				PRODUCT_BUNDLE_IDENTIFIER = "com.kkarpiak.KK-GymApp";
				PRODUCT_NAME = "$(TARGET_NAME)";
				SWIFT_EMIT_LOC_STRINGS = YES;
				SWIFT_VERSION = 5.0;
				TARGETED_DEVICE_FAMILY = "1,2";
			};
			name = Debug;
		};
		1986B4CE2AA626AE0094843D /* Release */ = {
			isa = XCBuildConfiguration;
			buildSettings = {
				ASSETCATALOG_COMPILER_APPICON_NAME = AppIcon;
				ASSETCATALOG_COMPILER_GLOBAL_ACCENT_COLOR_NAME = AccentColor;
				CODE_SIGN_STYLE = Automatic;
				CURRENT_PROJECT_VERSION = 1;
				DEVELOPMENT_ASSET_PATHS = "\"KK_GymApp/Preview Content\"";
				DEVELOPMENT_TEAM = HNSKUL3WR3;
				ENABLE_PREVIEWS = YES;
				GENERATE_INFOPLIST_FILE = YES;
				INFOPLIST_KEY_LSApplicationCategoryType = "public.app-category.healthcare-fitness";
				INFOPLIST_KEY_UIApplicationSceneManifest_Generation = YES;
				INFOPLIST_KEY_UIApplicationSupportsIndirectInputEvents = YES;
				INFOPLIST_KEY_UILaunchScreen_Generation = YES;
				INFOPLIST_KEY_UISupportedInterfaceOrientations_iPad = "UIInterfaceOrientationPortrait UIInterfaceOrientationPortraitUpsideDown UIInterfaceOrientationLandscapeLeft UIInterfaceOrientationLandscapeRight";
				INFOPLIST_KEY_UISupportedInterfaceOrientations_iPhone = "UIInterfaceOrientationPortrait UIInterfaceOrientationLandscapeLeft UIInterfaceOrientationLandscapeRight";
				IPHONEOS_DEPLOYMENT_TARGET = 16.0;
				LD_RUNPATH_SEARCH_PATHS = (
					"$(inherited)",
					"@executable_path/Frameworks",
				);
				MARKETING_VERSION = 0.1;
				PRODUCT_BUNDLE_IDENTIFIER = "com.kkarpiak.KK-GymApp";
				PRODUCT_NAME = "$(TARGET_NAME)";
				SWIFT_EMIT_LOC_STRINGS = YES;
				SWIFT_VERSION = 5.0;
				TARGETED_DEVICE_FAMILY = "1,2";
			};
			name = Release;
		};
		1986B4D02AA626AE0094843D /* Debug */ = {
			isa = XCBuildConfiguration;
			buildSettings = {
				ALWAYS_EMBED_SWIFT_STANDARD_LIBRARIES = YES;
				BUNDLE_LOADER = "$(TEST_HOST)";
				CODE_SIGN_STYLE = Automatic;
				CURRENT_PROJECT_VERSION = 1;
				DEVELOPMENT_TEAM = HNSKUL3WR3;
				GENERATE_INFOPLIST_FILE = YES;
				IPHONEOS_DEPLOYMENT_TARGET = 17.0;
				MARKETING_VERSION = 1.0;
				PRODUCT_BUNDLE_IDENTIFIER = "com.kkarpiak.KK-GymAppTests";
				PRODUCT_NAME = "$(TARGET_NAME)";
				SWIFT_EMIT_LOC_STRINGS = NO;
				SWIFT_VERSION = 5.0;
				TARGETED_DEVICE_FAMILY = "1,2";
				TEST_HOST = "$(BUILT_PRODUCTS_DIR)/KK_GymApp.app/$(BUNDLE_EXECUTABLE_FOLDER_PATH)/KK_GymApp";
			};
			name = Debug;
		};
		1986B4D12AA626AE0094843D /* Release */ = {
			isa = XCBuildConfiguration;
			buildSettings = {
				ALWAYS_EMBED_SWIFT_STANDARD_LIBRARIES = YES;
				BUNDLE_LOADER = "$(TEST_HOST)";
				CODE_SIGN_STYLE = Automatic;
				CURRENT_PROJECT_VERSION = 1;
				DEVELOPMENT_TEAM = HNSKUL3WR3;
				GENERATE_INFOPLIST_FILE = YES;
				IPHONEOS_DEPLOYMENT_TARGET = 17.0;
				MARKETING_VERSION = 1.0;
				PRODUCT_BUNDLE_IDENTIFIER = "com.kkarpiak.KK-GymAppTests";
				PRODUCT_NAME = "$(TARGET_NAME)";
				SWIFT_EMIT_LOC_STRINGS = NO;
				SWIFT_VERSION = 5.0;
				TARGETED_DEVICE_FAMILY = "1,2";
				TEST_HOST = "$(BUILT_PRODUCTS_DIR)/KK_GymApp.app/$(BUNDLE_EXECUTABLE_FOLDER_PATH)/KK_GymApp";
			};
			name = Release;
		};
		1986B4D32AA626AE0094843D /* Debug */ = {
			isa = XCBuildConfiguration;
			buildSettings = {
				ALWAYS_EMBED_SWIFT_STANDARD_LIBRARIES = YES;
				CODE_SIGN_STYLE = Automatic;
				CURRENT_PROJECT_VERSION = 1;
				DEVELOPMENT_TEAM = HNSKUL3WR3;
				GENERATE_INFOPLIST_FILE = YES;
				MARKETING_VERSION = 1.0;
				PRODUCT_BUNDLE_IDENTIFIER = "com.kkarpiak.KK-GymAppUITests";
				PRODUCT_NAME = "$(TARGET_NAME)";
				SWIFT_EMIT_LOC_STRINGS = NO;
				SWIFT_VERSION = 5.0;
				TARGETED_DEVICE_FAMILY = "1,2";
				TEST_TARGET_NAME = KK_GymApp;
			};
			name = Debug;
		};
		1986B4D42AA626AE0094843D /* Release */ = {
			isa = XCBuildConfiguration;
			buildSettings = {
				ALWAYS_EMBED_SWIFT_STANDARD_LIBRARIES = YES;
				CODE_SIGN_STYLE = Automatic;
				CURRENT_PROJECT_VERSION = 1;
				DEVELOPMENT_TEAM = HNSKUL3WR3;
				GENERATE_INFOPLIST_FILE = YES;
				MARKETING_VERSION = 1.0;
				PRODUCT_BUNDLE_IDENTIFIER = "com.kkarpiak.KK-GymAppUITests";
				PRODUCT_NAME = "$(TARGET_NAME)";
				SWIFT_EMIT_LOC_STRINGS = NO;
				SWIFT_VERSION = 5.0;
				TARGETED_DEVICE_FAMILY = "1,2";
				TEST_TARGET_NAME = KK_GymApp;
			};
			name = Release;
		};
/* End XCBuildConfiguration section */

/* Begin XCConfigurationList section */
		1986B4A32AA626AD0094843D /* Build configuration list for PBXProject "KK_GymApp" */ = {
			isa = XCConfigurationList;
			buildConfigurations = (
				1986B4CA2AA626AE0094843D /* Debug */,
				1986B4CB2AA626AE0094843D /* Release */,
			);
			defaultConfigurationIsVisible = 0;
			defaultConfigurationName = Release;
		};
		1986B4CC2AA626AE0094843D /* Build configuration list for PBXNativeTarget "KK_GymApp" */ = {
			isa = XCConfigurationList;
			buildConfigurations = (
				1986B4CD2AA626AE0094843D /* Debug */,
				1986B4CE2AA626AE0094843D /* Release */,
			);
			defaultConfigurationIsVisible = 0;
			defaultConfigurationName = Release;
		};
		1986B4CF2AA626AE0094843D /* Build configuration list for PBXNativeTarget "KK_GymAppTests" */ = {
			isa = XCConfigurationList;
			buildConfigurations = (
				1986B4D02AA626AE0094843D /* Debug */,
				1986B4D12AA626AE0094843D /* Release */,
			);
			defaultConfigurationIsVisible = 0;
			defaultConfigurationName = Release;
		};
		1986B4D22AA626AE0094843D /* Build configuration list for PBXNativeTarget "KK_GymAppUITests" */ = {
			isa = XCConfigurationList;
			buildConfigurations = (
				1986B4D32AA626AE0094843D /* Debug */,
				1986B4D42AA626AE0094843D /* Release */,
			);
			defaultConfigurationIsVisible = 0;
			defaultConfigurationName = Release;
		};
/* End XCConfigurationList section */

/* Begin XCRemoteSwiftPackageReference section */
		19E1E5432AA916EE00D942B7 /* XCRemoteSwiftPackageReference "realm-swift" */ = {
			isa = XCRemoteSwiftPackageReference;
			repositoryURL = "https://github.com/realm/realm-swift.git";
			requirement = {
				branch = master;
				kind = branch;
			};
		};
		19E775D92ABF75FD00753710 /* XCRemoteSwiftPackageReference "FLAnimatedImage" */ = {
			isa = XCRemoteSwiftPackageReference;
			repositoryURL = "https://github.com/Flipboard/FLAnimatedImage.git";
			requirement = {
				kind = upToNextMajorVersion;
				minimumVersion = 1.0.17;
			};
		};
/* End XCRemoteSwiftPackageReference section */

/* Begin XCSwiftPackageProductDependency section */
		19E1E5442AA916EE00D942B7 /* RealmSwift */ = {
			isa = XCSwiftPackageProductDependency;
			package = 19E1E5432AA916EE00D942B7 /* XCRemoteSwiftPackageReference "realm-swift" */;
			productName = RealmSwift;
		};
		19E1E54A2AAA14B200D942B7 /* Realm */ = {
			isa = XCSwiftPackageProductDependency;
			package = 19E1E5432AA916EE00D942B7 /* XCRemoteSwiftPackageReference "realm-swift" */;
			productName = Realm;
		};
		19E775DA2ABF75FD00753710 /* FLAnimatedImage */ = {
			isa = XCSwiftPackageProductDependency;
			package = 19E775D92ABF75FD00753710 /* XCRemoteSwiftPackageReference "FLAnimatedImage" */;
			productName = FLAnimatedImage;
		};
/* End XCSwiftPackageProductDependency section */
	};
	rootObject = 1986B4A02AA626AD0094843D /* Project object */;
}
